
Microsoft Visual Studio Solution File, Format Version 12.00
# Visual Studio Version 17
VisualStudioVersion = 17.6.33712.159
MinimumVisualStudioVersion = 10.0.40219.1
Project("{FAE04EC0-301F-11D3-BF4B-00C04F79EFBC}") = "WebApi", "WebApplication1\WebApi.csproj", "{8AEB45A1-6542-4DE9-9FFF-D2FEF454BA8C}"
EndProject
Global
	GlobalSection(SolutionConfigurationPlatforms) = preSolution
		Debug|Any CPU = Debug|Any CPU
		Release|Any CPU = Release|Any CPU
	EndGlobalSection
	GlobalSection(ProjectConfigurationPlatforms) = postSolution
		{8AEB45A1-6542-4DE9-9FFF-D2FEF454BA8C}.Debug|Any CPU.ActiveCfg = Debug|Any CPU
		{8AEB45A1-6542-4DE9-9FFF-D2FEF454BA8C}.Debug|Any CPU.Build.0 = Debug|Any CPU
		{8AEB45A1-6542-4DE9-9FFF-D2FEF454BA8C}.Release|Any CPU.ActiveCfg = Release|Any CPU
		{8AEB45A1-6542-4DE9-9FFF-D2FEF454BA8C}.Release|Any CPU.Build.0 = Release|Any CPU
	EndGlobalSection
	GlobalSection(SolutionProperties) = preSolution
		HideSolutionNode = FALSE
	EndGlobalSection
	GlobalSection(ExtensibilityGlobals) = postSolution
		SolutionGuid = {66F4D19F-F760-4556-8433-B8A976A9B3DF}
	EndGlobalSection
EndGlobal
